{
  "name": "bnb.background",
  "version": "1.0.0",
  "lockfileVersion": 1,
  "requires": true,
  "dependencies": {
    "@types/chrome": {
      "version": "0.0.88",
      "resolved": "https://registry.npmjs.org/@types/chrome/-/chrome-0.0.88.tgz",
      "integrity": "sha512-JBsIrBZ2adJhlXvJ+1j0xLbcfOfwee/WAg7Lp2NE+Wf3m0vXMJFWv/PPjqNk5ZUXDeY/qDxPHe+PUjxnl8HWFg==",
      "requires": {
        "@types/filesystem": "*"
      }
    },
    "@types/estree": {
      "version": "0.0.39",
      "resolved": "https://registry.npmjs.org/@types/estree/-/estree-0.0.39.tgz",
      "integrity": "sha512-EYNwp3bU+98cpU4lAWYYL7Zz+2gryWH1qbdDTidVd6hkiR6weksdbMadyXKXNPEkQFhXM+hVO9ZygomHXp+AIw==",
      "dev": true
    },
    "@types/filesystem": {
      "version": "0.0.29",
      "resolved": "https://registry.npmjs.org/@types/filesystem/-/filesystem-0.0.29.tgz",
      "integrity": "sha512-85/1KfRedmfPGsbK8YzeaQUyV1FQAvMPMTuWFQ5EkLd2w7szhNO96bk3Rh/SKmOfd9co2rCLf0Voy4o7ECBOvw==",
      "requires": {
        "@types/filewriter": "*"
      }
    },
    "@types/filewriter": {
      "version": "0.0.28",
      "resolved": "https://registry.npmjs.org/@types/filewriter/-/filewriter-0.0.28.tgz",
      "integrity": "sha1-wFTor02d11205jq8dviFFocU1LM="
    },
    "acorn": {
      "version": "7.4.0",
      "resolved": "https://registry.npmjs.org/acorn/-/acorn-7.4.0.tgz",
      "integrity": "sha512-+G7P8jJmCHr+S+cLfQxygbWhXy+8YTVGzAkpEbcLo2mLoL7tij/VG41QSHACSf5QgYRhMZYHuNc6drJaO0Da+w==",
      "dev": true
    },
    "base64-js": {
      "version": "1.3.1",
      "resolved": "https://registry.npmjs.org/base64-js/-/base64-js-1.3.1.tgz",
      "integrity": "sha512-mLQ4i2QO1ytvGWFWmcngKO//JXAQueZvwEKtjgQFM4jIK0kU+ytMfplL8j+n5mspOfjHwoAg+9yhb7BwAHm36g=="
    },
    "browser-passworder": {
      "version": "2.0.3",
      "resolved": "https://registry.npmjs.org/browser-passworder/-/browser-passworder-2.0.3.tgz",
      "integrity": "sha1-b90gguUWoXbtvLPc7gt/n85PeRc=",
      "requires": {
        "browserify-unibabel": "^3.0.0"
      }
    },
    "browserify-unibabel": {
      "version": "3.0.0",
      "resolved": "https://registry.npmjs.org/browserify-unibabel/-/browserify-unibabel-3.0.0.tgz",
      "integrity": "sha1-WmuPD3BM44jTkn30czfiWDD3Hdo="
    },
    "buffer": {
      "version": "5.4.3",
      "resolved": "https://registry.npmjs.org/buffer/-/buffer-5.4.3.tgz",
      "integrity": "sha512-zvj65TkFeIt3i6aj5bIvJDzjjQQGs4o/sNoezg1F1kYap9Nu2jcUdpwzRSJTHMMzG0H7bZkn4rNQpImhuxWX2A==",
      "requires": {
        "base64-js": "^1.0.2",
        "ieee754": "^1.1.4"
      }
    },
    "estree-walker": {
      "version": "0.6.1",
      "resolved": "https://registry.npmjs.org/estree-walker/-/estree-walker-0.6.1.tgz",
      "integrity": "sha512-SqmZANLWS0mnatqbSfRP5g8OXZC12Fgg1IwNtLsyHDzJizORW4khDfjPqJZsemPWBB2uqykUah5YpQ6epsqC/w==",
      "dev": true
    },
    "ieee754": {
      "version": "1.1.13",
      "resolved": "https://registry.npmjs.org/ieee754/-/ieee754-1.1.13.tgz",
      "integrity": "sha512-4vf7I2LYV/HaWerSo3XmlMkp5eZ83i+/CDluXi/IGTs/O1sejBNhTtnxzmRZfvOUqj7lZjqHkeTvpgSFDlWZTg=="
    },
    "is-reference": {
      "version": "1.1.3",
      "resolved": "https://registry.npmjs.org/is-reference/-/is-reference-1.1.3.tgz",
      "integrity": "sha512-W1iHHv/oyBb2pPxkBxtaewxa1BC58Pn5J0hogyCdefwUIvb6R+TGbAcIa4qPNYLqLhb3EnOgUf2MQkkF76BcKw==",
      "dev": true,
      "requires": {
        "@types/estree": "0.0.39"
      }
    },
    "magic-string": {
      "version": "0.25.3",
      "resolved": "https://registry.npmjs.org/magic-string/-/magic-string-0.25.3.tgz",
      "integrity": "sha512-6QK0OpF/phMz0Q2AxILkX2mFhi7m+WMwTRg0LQKq/WBB0cDP4rYH3Wp4/d3OTXlrPLVJT/RFqj8tFeAR4nk8AA==",
      "dev": true,
      "requires": {
        "sourcemap-codec": "^1.4.4"
      }
    },
    "path-parse": {
      "version": "1.0.6",
      "resolved": "https://registry.npmjs.org/path-parse/-/path-parse-1.0.6.tgz",
      "integrity": "sha512-GSmOT2EbHrINBf9SR7CDELwlJ8AENk3Qn7OikK4nFYAu3Ote2+JYNVvkpAEQm3/TLNEJFD/xZJjzyxg3KBWOzw==",
      "dev": true
    },
    "resolve": {
      "version": "1.12.0",
      "resolved": "https://registry.npmjs.org/resolve/-/resolve-1.12.0.tgz",
      "integrity": "sha512-B/dOmuoAik5bKcD6s6nXDCjzUKnaDvdkRyAk6rsmsKLipWj4797iothd7jmmUhWTfinVMU+wc56rYKsit2Qy4w==",
      "dev": true,
      "requires": {
        "path-parse": "^1.0.6"
      }
    },
    "rollup": {
      "version": "1.21.4",
      "resolved": "https://registry.npmjs.org/rollup/-/rollup-1.21.4.tgz",
      "integrity": "sha512-Pl512XVCmVzgcBz5h/3Li4oTaoDcmpuFZ+kdhS/wLreALz//WuDAMfomD3QEYl84NkDu6Z6wV9twlcREb4qQsw==",
      "dev": true,
      "requires": {
        "@types/estree": "0.0.39",
        "@types/node": "^12.7.5",
        "acorn": "^7.0.0"
      },
      "dependencies": {
        "@types/node": {
          "version": "12.7.5",
          "resolved": "https://registry.npmjs.org/@types/node/-/node-12.7.5.tgz",
          "integrity": "sha512-9fq4jZVhPNW8r+UYKnxF1e2HkDWOWKM5bC2/7c9wPV835I0aOrVbS/Hw/pWPk2uKrNXQqg9Z959Kz+IYDd5p3w==",
          "dev": true
        }
      }
    },
    "rollup-plugin-commonjs": {
      "version": "10.1.0",
      "resolved": "https://registry.npmjs.org/rollup-plugin-commonjs/-/rollup-plugin-commonjs-10.1.0.tgz",
      "integrity": "sha512-jlXbjZSQg8EIeAAvepNwhJj++qJWNJw1Cl0YnOqKtP5Djx+fFGkp3WRh+W0ASCaFG5w1jhmzDxgu3SJuVxPF4Q==",
      "dev": true,
      "requires": {
        "estree-walker": "^0.6.1",
        "is-reference": "^1.1.2",
        "magic-string": "^0.25.2",
        "resolve": "^1.11.0",
        "rollup-pluginutils": "^2.8.1"
      }
    },
    "rollup-plugin-string": {
      "version": "3.0.0",
      "resolved": "https://registry.npmjs.org/rollup-plugin-string/-/rollup-plugin-string-3.0.0.tgz",
      "integrity": "sha512-vqyzgn9QefAgeKi+Y4A7jETeIAU1zQmS6VotH6bzm/zmUQEnYkpIGRaOBPY41oiWYV4JyBoGAaBjYMYuv+6wVw==",
      "dev": true,
      "requires": {
        "rollup-pluginutils": "^2.4.1"
      }
    },
    "rollup-plugin-typescript": {
      "version": "1.0.1",
      "resolved": "https://registry.npmjs.org/rollup-plugin-typescript/-/rollup-plugin-typescript-1.0.1.tgz",
      "integrity": "sha512-rwJDNn9jv/NsKZuyBb/h0jsclP4CJ58qbvZt2Q9zDIGILF2LtdtvCqMOL+Gq9IVq5MTrTlHZNrn8h7VjQgd8tw==",
      "dev": true,
      "requires": {
        "resolve": "^1.10.0",
        "rollup-pluginutils": "^2.5.0"
      }
    },
    "rollup-pluginutils": {
      "version": "2.8.1",
      "resolved": "https://registry.npmjs.org/rollup-pluginutils/-/rollup-pluginutils-2.8.1.tgz",
      "integrity": "sha512-J5oAoysWar6GuZo0s+3bZ6sVZAC0pfqKz68De7ZgDi5z63jOVZn1uJL/+z1jeKHNbGII8kAyHF5q8LnxSX5lQg==",
      "dev": true,
      "requires": {
        "estree-walker": "^0.6.1"
      }
    },
    "rxjs": {
      "version": "6.5.3",
      "resolved": "https://registry.npmjs.org/rxjs/-/rxjs-6.5.3.tgz",
      "integrity": "sha512-wuYsAYYFdWTAnAaPoKGNhfpWwKZbJW+HgAJ+mImp+Epl7BG8oNWBCTyRM8gba9k4lk8BgWdoYm21Mo/RYhhbgA==",
      "requires": {
        "tslib": "^1.9.0"
      }
    },
    "rxjs-compat": {
      "version": "6.5.3",
      "resolved": "https://registry.npmjs.org/rxjs-compat/-/rxjs-compat-6.5.3.tgz",
      "integrity": "sha512-BIJX2yovz3TBpjJoAZyls2QYuU6ZiCaZ+U96SmxQpuSP/qDUfiXPKOVLbThBB2WZijNHkdTTJXKRwvv5Y48H7g=="
    },
    "semver": {
      "version": "6.3.0",
      "resolved": "https://registry.npmjs.org/semver/-/semver-6.3.0.tgz",
      "integrity": "sha512-b39TBaTSfV6yBrapU89p5fKekE2m/NwnDocOVruQFS1/veMgdzuPcnOM34M6CwxW8jH/lxEa5rBoDeUwu5HHTw=="
    },
    "sourcemap-codec": {
      "version": "1.4.6",
      "resolved": "https://registry.npmjs.org/sourcemap-codec/-/sourcemap-codec-1.4.6.tgz",
      "integrity": "sha512-1ZooVLYFxC448piVLBbtOxFcXwnymH9oUF8nRd3CuYDVvkRBxRl6pB4Mtas5a4drtL+E8LDgFkQNcgIw6tc8Hg==",
      "dev": true
    },
    "tslib": {
      "version": "1.10.0",
      "resolved": "https://registry.npmjs.org/tslib/-/tslib-1.10.0.tgz",
      "integrity": "sha512-qOebF53frne81cf0S9B41ByenJ3/IuH8yJKngAX35CmiZySA0khhkovshKK+jGCaMnVomla7gVlIcc3EvKPbTQ=="
    },
    "typescript": {
      "version": "3.6.3",
      "resolved": "https://registry.npmjs.org/typescript/-/typescript-3.6.3.tgz",
      "integrity": "sha512-N7bceJL1CtRQ2RiG0AQME13ksR7DiuQh/QehubYcghzv20tnh+MQnQIuJddTmsbqYj+dztchykemz0zFzlvdQw==",
      "dev": true
    }
  }
}
